github.com/coderx31/dog v0.0.0-20230709071204-65a7246736c7 h1:IWBS9mtuujCaearTwsYHgMT7TsGkmE6ah+BgtUfBkWw=
github.com/coderx31/dog v0.0.0-20230709071204-65a7246736c7/go.mod h1:LPJnXqKAbum2Sj7fK2QeIdq9hBLFP/KF6T3kJeylLmM=
github.com/coderx31/puppy v0.0.0-20230709115931-403fd542f46f h1:ZCtWDu729A/bK6CyBOMK9nR3epWPmkpKbhcu7VZP+vQ=
github.com/coderx31/puppy v0.0.0-20230709115931-403fd542f46f/go.mod h1:7Hj9wvFDKvjzAGs57ZrLdo7Yxf4oi9Jfd8GpQ4L2S3s=
github.com/coderx31/puppy v0.0.0-20230709123958-cf3329749ea8 h1:gamR0s3gXVAoNXRxGsdDWLwUssO/0/S52SJDcq0NuH4=
github.com/coderx31/puppy v0.0.0-20230709123958-cf3329749ea8/go.mod h1:7Hj9wvFDKvjzAGs57ZrLdo7Yxf4oi9Jfd8GpQ4L2S3s=
github.com/coderx31/puppy v0.0.0-20230709124446-eb457072d62f h1:C9ZdM5wMS9dgFBE+1b2MWSA2eCs4iaw7HkvJY4cXAvw=
github.com/coderx31/puppy v0.0.0-20230709124446-eb457072d62f/go.mod h1:7Hj9wvFDKvjzAGs57ZrLdo7Yxf4oi9Jfd8GpQ4L2S3s=
github.com/coderx31/puppy v1.4.0 h1:orZDvXFd4jJukRN6YmyW5lL+gO3/UVpRAUeLxFN2oWE=
github.com/coderx31/puppy v1.4.0/go.mod h1:7Hj9wvFDKvjzAGs57ZrLdo7Yxf4oi9Jfd8GpQ4L2S3s=
github.com/coderx31/puppy v1.5.0 h1:DpFvptYk+pc66+1Bp4Y/ZepBd/Hpx3fLCDY9fU0dQMo=
github.com/coderx31/puppy v1.5.0/go.mod h1:7Hj9wvFDKvjzAGs57ZrLdo7Yxf4oi9Jfd8GpQ4L2S3s=
